// !$*UTF8*$!
{
	archiveVersion = 1;
	classes = {
	};
	objectVersion = 56;
	objects = {

/* Begin PBXBuildFile section */
		C5674DF02C52B06300A8CB7D /* CardMatchingGame.m in Sources */ = {isa = PBXBuildFile; fileRef = C5674DEF2C52B06300A8CB7D /* CardMatchingGame.m */; };
		C56F9BCF2C5181DA00048479 /* AppDelegate.m in Sources */ = {isa = PBXBuildFile; fileRef = C56F9BCE2C5181DA00048479 /* AppDelegate.m */; };
		C56F9BD22C5181DA00048479 /* SceneDelegate.m in Sources */ = {isa = PBXBuildFile; fileRef = C56F9BD12C5181DA00048479 /* SceneDelegate.m */; };
		C56F9BD52C5181DA00048479 /* CardGameViewController.m in Sources */ = {isa = PBXBuildFile; fileRef = C56F9BD42C5181DA00048479 /* CardGameViewController.m */; };
		C56F9BD82C5181DA00048479 /* Base in Resources */ = {isa = PBXBuildFile; fileRef = C56F9BD72C5181DA00048479 /* Base */; };
		C56F9BDA2C5181DB00048479 /* Assets.xcassets in Resources */ = {isa = PBXBuildFile; fileRef = C56F9BD92C5181DB00048479 /* Assets.xcassets */; };
		C56F9BDD2C5181DB00048479 /* Base in Resources */ = {isa = PBXBuildFile; fileRef = C56F9BDC2C5181DB00048479 /* Base */; };
		C56F9BE02C5181DB00048479 /* main.m in Sources */ = {isa = PBXBuildFile; fileRef = C56F9BDF2C5181DB00048479 /* main.m */; };
		C56F9BEA2C5181DB00048479 /* CardGameTests.m in Sources */ = {isa = PBXBuildFile; fileRef = C56F9BE92C5181DB00048479 /* CardGameTests.m */; };
		C56F9BF42C5181DB00048479 /* CardGameUITests.m in Sources */ = {isa = PBXBuildFile; fileRef = C56F9BF32C5181DB00048479 /* CardGameUITests.m */; };
		C56F9BF62C5181DB00048479 /* CardGameUITestsLaunchTests.m in Sources */ = {isa = PBXBuildFile; fileRef = C56F9BF52C5181DB00048479 /* CardGameUITestsLaunchTests.m */; };
		C58A1D8E2C527E2F00961DCE /* Card.m in Sources */ = {isa = PBXBuildFile; fileRef = C58A1D8D2C527E2F00961DCE /* Card.m */; };
		C58A1D922C527F0C00961DCE /* Deck.m in Sources */ = {isa = PBXBuildFile; fileRef = C58A1D912C527F0C00961DCE /* Deck.m */; };
		C58A1D952C5281C000961DCE /* PlayingCard.m in Sources */ = {isa = PBXBuildFile; fileRef = C58A1D942C5281C000961DCE /* PlayingCard.m */; };
		C58A1D982C5289CC00961DCE /* PlayingCardDeck.m in Sources */ = {isa = PBXBuildFile; fileRef = C58A1D972C5289CC00961DCE /* PlayingCardDeck.m */; };
/* End PBXBuildFile section */

/* Begin PBXContainerItemProxy section */
		C56F9BE62C5181DB00048479 /* PBXContainerItemProxy */ = {
			isa = PBXContainerItemProxy;
			containerPortal = C56F9BC22C5181DA00048479 /* Project object */;
			proxyType = 1;
			remoteGlobalIDString = C56F9BC92C5181DA00048479;
			remoteInfo = CardGame;
		};
		C56F9BF02C5181DB00048479 /* PBXContainerItemProxy */ = {
			isa = PBXContainerItemProxy;
			containerPortal = C56F9BC22C5181DA00048479 /* Project object */;
			proxyType = 1;
			remoteGlobalIDString = C56F9BC92C5181DA00048479;
			remoteInfo = CardGame;
		};
/* End PBXContainerItemProxy section */

/* Begin PBXFileReference section */
		C5674DEE2C52B05300A8CB7D /* CardMatchingGame.h */ = {isa = PBXFileReference; lastKnownFileType = sourcecode.c.h; path = CardMatchingGame.h; sourceTree = "<group>"; };
		C5674DEF2C52B06300A8CB7D /* CardMatchingGame.m */ = {isa = PBXFileReference; lastKnownFileType = sourcecode.c.objc; path = CardMatchingGame.m; sourceTree = "<group>"; };
		C56F9BCA2C5181DA00048479 /* CardGame.app */ = {isa = PBXFileReference; explicitFileType = wrapper.application; includeInIndex = 0; path = CardGame.app; sourceTree = BUILT_PRODUCTS_DIR; };
		C56F9BCD2C5181DA00048479 /* AppDelegate.h */ = {isa = PBXFileReference; lastKnownFileType = sourcecode.c.h; path = AppDelegate.h; sourceTree = "<group>"; };
		C56F9BCE2C5181DA00048479 /* AppDelegate.m */ = {isa = PBXFileReference; lastKnownFileType = sourcecode.c.objc; path = AppDelegate.m; sourceTree = "<group>"; };
		C56F9BD02C5181DA00048479 /* SceneDelegate.h */ = {isa = PBXFileReference; lastKnownFileType = sourcecode.c.h; path = SceneDelegate.h; sourceTree = "<group>"; };
		C56F9BD12C5181DA00048479 /* SceneDelegate.m */ = {isa = PBXFileReference; lastKnownFileType = sourcecode.c.objc; path = SceneDelegate.m; sourceTree = "<group>"; };
		C56F9BD32C5181DA00048479 /* CardGameViewController.h */ = {isa = PBXFileReference; lastKnownFileType = sourcecode.c.h; path = CardGameViewController.h; sourceTree = "<group>"; };
		C56F9BD42C5181DA00048479 /* CardGameViewController.m */ = {isa = PBXFileReference; lastKnownFileType = sourcecode.c.objc; path = CardGameViewController.m; sourceTree = "<group>"; };
		C56F9BD72C5181DA00048479 /* Base */ = {isa = PBXFileReference; lastKnownFileType = file.storyboard; name = Base; path = Base.lproj/Main.storyboard; sourceTree = "<group>"; };
		C56F9BD92C5181DB00048479 /* Assets.xcassets */ = {isa = PBXFileReference; lastKnownFileType = folder.assetcatalog; path = Assets.xcassets; sourceTree = "<group>"; };
		C56F9BDC2C5181DB00048479 /* Base */ = {isa = PBXFileReference; lastKnownFileType = file.storyboard; name = Base; path = Base.lproj/LaunchScreen.storyboard; sourceTree = "<group>"; };
		C56F9BDE2C5181DB00048479 /* Info.plist */ = {isa = PBXFileReference; lastKnownFileType = text.plist.xml; path = Info.plist; sourceTree = "<group>"; };
		C56F9BDF2C5181DB00048479 /* main.m */ = {isa = PBXFileReference; lastKnownFileType = sourcecode.c.objc; path = main.m; sourceTree = "<group>"; };
		C56F9BE52C5181DB00048479 /* CardGameTests.xctest */ = {isa = PBXFileReference; explicitFileType = wrapper.cfbundle; includeInIndex = 0; path = CardGameTests.xctest; sourceTree = BUILT_PRODUCTS_DIR; };
		C56F9BE92C5181DB00048479 /* CardGameTests.m */ = {isa = PBXFileReference; lastKnownFileType = sourcecode.c.objc; path = CardGameTests.m; sourceTree = "<group>"; };
		C56F9BEF2C5181DB00048479 /* CardGameUITests.xctest */ = {isa = PBXFileReference; explicitFileType = wrapper.cfbundle; includeInIndex = 0; path = CardGameUITests.xctest; sourceTree = BUILT_PRODUCTS_DIR; };
		C56F9BF32C5181DB00048479 /* CardGameUITests.m */ = {isa = PBXFileReference; lastKnownFileType = sourcecode.c.objc; path = CardGameUITests.m; sourceTree = "<group>"; };
		C56F9BF52C5181DB00048479 /* CardGameUITestsLaunchTests.m */ = {isa = PBXFileReference; lastKnownFileType = sourcecode.c.objc; path = CardGameUITestsLaunchTests.m; sourceTree = "<group>"; };
		C58A1D8D2C527E2F00961DCE /* Card.m */ = {isa = PBXFileReference; lastKnownFileType = sourcecode.c.objc; path = Card.m; sourceTree = "<group>"; };
		C58A1D8F2C527E4F00961DCE /* Card.h */ = {isa = PBXFileReference; lastKnownFileType = sourcecode.c.h; path = Card.h; sourceTree = "<group>"; };
		C58A1D912C527F0C00961DCE /* Deck.m */ = {isa = PBXFileReference; lastKnownFileType = sourcecode.c.objc; path = Deck.m; sourceTree = "<group>"; };
		C58A1D932C527F1A00961DCE /* Deck.h */ = {isa = PBXFileReference; lastKnownFileType = sourcecode.c.h; path = Deck.h; sourceTree = "<group>"; };
		C58A1D942C5281C000961DCE /* PlayingCard.m */ = {isa = PBXFileReference; lastKnownFileType = sourcecode.c.objc; path = PlayingCard.m; sourceTree = "<group>"; };
		C58A1D962C5281CD00961DCE /* PlayingCard.h */ = {isa = PBXFileReference; lastKnownFileType = sourcecode.c.h; path = PlayingCard.h; sourceTree = "<group>"; };
		C58A1D972C5289CC00961DCE /* PlayingCardDeck.m */ = {isa = PBXFileReference; lastKnownFileType = sourcecode.c.objc; path = PlayingCardDeck.m; sourceTree = "<group>"; };
		C58A1D992C5289DA00961DCE /* PlayingCardDeck.h */ = {isa = PBXFileReference; lastKnownFileType = sourcecode.c.h; path = PlayingCardDeck.h; sourceTree = "<group>"; };
/* End PBXFileReference section */

/* Begin PBXFrameworksBuildPhase section */
		C56F9BC72C5181DA00048479 /* Frameworks */ = {
			isa = PBXFrameworksBuildPhase;
			buildActionMask = 2147483647;
			files = (
			);
			runOnlyForDeploymentPostprocessing = 0;
		};
		C56F9BE22C5181DB00048479 /* Frameworks */ = {
			isa = PBXFrameworksBuildPhase;
			buildActionMask = 2147483647;
			files = (
			);
			runOnlyForDeploymentPostprocessing = 0;
		};
		C56F9BEC2C5181DB00048479 /* Frameworks */ = {
			isa = PBXFrameworksBuildPhase;
			buildActionMask = 2147483647;
			files = (
			);
			runOnlyForDeploymentPostprocessing = 0;
		};
/* End PBXFrameworksBuildPhase section */

/* Begin PBXGroup section */
		C55C691E2C5276E700BEDD78 /* controllers */ = {
			isa = PBXGroup;
			children = (
				C56F9BD32C5181DA00048479 /* CardGameViewController.h */,
				C56F9BD42C5181DA00048479 /* CardGameViewController.m */,
			);
			path = controllers;
			sourceTree = "<group>";
		};
		C56F9BC12C5181DA00048479 = {
			isa = PBXGroup;
			children = (
				C56F9BCC2C5181DA00048479 /* CardGame */,
				C56F9BE82C5181DB00048479 /* CardGameTests */,
				C56F9BF22C5181DB00048479 /* CardGameUITests */,
				C56F9BCB2C5181DA00048479 /* Products */,
			);
			sourceTree = "<group>";
		};
		C56F9BCB2C5181DA00048479 /* Products */ = {
			isa = PBXGroup;
			children = (
				C56F9BCA2C5181DA00048479 /* CardGame.app */,
				C56F9BE52C5181DB00048479 /* CardGameTests.xctest */,
				C56F9BEF2C5181DB00048479 /* CardGameUITests.xctest */,
			);
			name = Products;
			sourceTree = "<group>";
		};
		C56F9BCC2C5181DA00048479 /* CardGame */ = {
			isa = PBXGroup;
			children = (
				C58A1D8C2C527E2300961DCE /* models */,
				C56F9BCD2C5181DA00048479 /* AppDelegate.h */,
				C56F9BCE2C5181DA00048479 /* AppDelegate.m */,
				C56F9BD02C5181DA00048479 /* SceneDelegate.h */,
				C56F9BD12C5181DA00048479 /* SceneDelegate.m */,
				C55C691E2C5276E700BEDD78 /* controllers */,
				C56F9BD92C5181DB00048479 /* Assets.xcassets */,
				C56F9BD62C5181DA00048479 /* Main.storyboard */,
				C56F9BDB2C5181DB00048479 /* LaunchScreen.storyboard */,
				C56F9BDE2C5181DB00048479 /* Info.plist */,
				C56F9BDF2C5181DB00048479 /* main.m */,
			);
			path = CardGame;
			sourceTree = "<group>";
		};
		C56F9BE82C5181DB00048479 /* CardGameTests */ = {
			isa = PBXGroup;
			children = (
				C56F9BE92C5181DB00048479 /* CardGameTests.m */,
			);
			path = CardGameTests;
			sourceTree = "<group>";
		};
		C56F9BF22C5181DB00048479 /* CardGameUITests */ = {
			isa = PBXGroup;
			children = (
				C56F9BF32C5181DB00048479 /* CardGameUITests.m */,
				C56F9BF52C5181DB00048479 /* CardGameUITestsLaunchTests.m */,
			);
			path = CardGameUITests;
			sourceTree = "<group>";
		};
		C58A1D8C2C527E2300961DCE /* models */ = {
			isa = PBXGroup;
			children = (
				C58A1D8D2C527E2F00961DCE /* Card.m */,
				C58A1D8F2C527E4F00961DCE /* Card.h */,
				C58A1D912C527F0C00961DCE /* Deck.m */,
				C58A1D932C527F1A00961DCE /* Deck.h */,
				C58A1D942C5281C000961DCE /* PlayingCard.m */,
				C58A1D962C5281CD00961DCE /* PlayingCard.h */,
				C58A1D972C5289CC00961DCE /* PlayingCardDeck.m */,
				C58A1D992C5289DA00961DCE /* PlayingCardDeck.h */,
				C5674DEE2C52B05300A8CB7D /* CardMatchingGame.h */,
				C5674DEF2C52B06300A8CB7D /* CardMatchingGame.m */,
			);
			path = models;
			sourceTree = "<group>";
		};
/* End PBXGroup section */

/* Begin PBXNativeTarget section */
		C56F9BC92C5181DA00048479 /* CardGame */ = {
			isa = PBXNativeTarget;
			buildConfigurationList = C56F9BF92C5181DB00048479 /* Build configuration list for PBXNativeTarget "CardGame" */;
			buildPhases = (
				C56F9BC62C5181DA00048479 /* Sources */,
				C56F9BC72C5181DA00048479 /* Frameworks */,
				C56F9BC82C5181DA00048479 /* Resources */,
			);
			buildRules = (
			);
			dependencies = (
			);
			name = CardGame;
			productName = CardGame;
			productReference = C56F9BCA2C5181DA00048479 /* CardGame.app */;
			productType = "com.apple.product-type.application";
		};
		C56F9BE42C5181DB00048479 /* CardGameTests */ = {
			isa = PBXNativeTarget;
			buildConfigurationList = C56F9BFC2C5181DB00048479 /* Build configuration list for PBXNativeTarget "CardGameTests" */;
			buildPhases = (
				C56F9BE12C5181DB00048479 /* Sources */,
				C56F9BE22C5181DB00048479 /* Frameworks */,
				C56F9BE32C5181DB00048479 /* Resources */,
			);
			buildRules = (
			);
			dependencies = (
				C56F9BE72C5181DB00048479 /* PBXTargetDependency */,
			);
			name = CardGameTests;
			productName = CardGameTests;
			productReference = C56F9BE52C5181DB00048479 /* CardGameTests.xctest */;
			productType = "com.apple.product-type.bundle.unit-test";
		};
		C56F9BEE2C5181DB00048479 /* CardGameUITests */ = {
			isa = PBXNativeTarget;
			buildConfigurationList = C56F9BFF2C5181DB00048479 /* Build configuration list for PBXNativeTarget "CardGameUITests" */;
			buildPhases = (
				C56F9BEB2C5181DB00048479 /* Sources */,
				C56F9BEC2C5181DB00048479 /* Frameworks */,
				C56F9BED2C5181DB00048479 /* Resources */,
			);
			buildRules = (
			);
			dependencies = (
				C56F9BF12C5181DB00048479 /* PBXTargetDependency */,
			);
			name = CardGameUITests;
			productName = CardGameUITests;
			productReference = C56F9BEF2C5181DB00048479 /* CardGameUITests.xctest */;
			productType = "com.apple.product-type.bundle.ui-testing";
		};
/* End PBXNativeTarget section */

/* Begin PBXProject section */
		C56F9BC22C5181DA00048479 /* Project object */ = {
			isa = PBXProject;
			attributes = {
				BuildIndependentTargetsInParallel = 1;
				LastUpgradeCheck = 1540;
				TargetAttributes = {
					C56F9BC92C5181DA00048479 = {
						CreatedOnToolsVersion = 15.4;
					};
					C56F9BE42C5181DB00048479 = {
						CreatedOnToolsVersion = 15.4;
						TestTargetID = C56F9BC92C5181DA00048479;
					};
					C56F9BEE2C5181DB00048479 = {
						CreatedOnToolsVersion = 15.4;
						TestTargetID = C56F9BC92C5181DA00048479;
					};
				};
			};
			buildConfigurationList = C56F9BC52C5181DA00048479 /* Build configuration list for PBXProject "CardGame" */;
			compatibilityVersion = "Xcode 14.0";
			developmentRegion = en;
			hasScannedForEncodings = 0;
			knownRegions = (
				en,
				Base,
			);
			mainGroup = C56F9BC12C5181DA00048479;
			productRefGroup = C56F9BCB2C5181DA00048479 /* Products */;
			projectDirPath = "";
			projectRoot = "";
			targets = (
				C56F9BC92C5181DA00048479 /* CardGame */,
				C56F9BE42C5181DB00048479 /* CardGameTests */,
				C56F9BEE2C5181DB00048479 /* CardGameUITests */,
			);
		};
/* End PBXProject section */

/* Begin PBXResourcesBuildPhase section */
		C56F9BC82C5181DA00048479 /* Resources */ = {
			isa = PBXResourcesBuildPhase;
			buildActionMask = 2147483647;
			files = (
				C56F9BDA2C5181DB00048479 /* Assets.xcassets in Resources */,
				C56F9BDD2C5181DB00048479 /* Base in Resources */,
				C56F9BD82C5181DA00048479 /* Base in Resources */,
			);
			runOnlyForDeploymentPostprocessing = 0;
		};
		C56F9BE32C5181DB00048479 /* Resources */ = {
			isa = PBXResourcesBuildPhase;
			buildActionMask = 2147483647;
			files = (
			);
			runOnlyForDeploymentPostprocessing = 0;
		};
		C56F9BED2C5181DB00048479 /* Resources */ = {
			isa = PBXResourcesBuildPhase;
			buildActionMask = 2147483647;
			files = (
			);
			runOnlyForDeploymentPostprocessing = 0;
		};
/* End PBXResourcesBuildPhase section */

/* Begin PBXSourcesBuildPhase section */
		C56F9BC62C5181DA00048479 /* Sources */ = {
			isa = PBXSourcesBuildPhase;
			buildActionMask = 2147483647;
			files = (
				C58A1D8E2C527E2F00961DCE /* Card.m in Sources */,
				C58A1D982C5289CC00961DCE /* PlayingCardDeck.m in Sources */,
				C56F9BD52C5181DA00048479 /* CardGameViewController.m in Sources */,
				C5674DF02C52B06300A8CB7D /* CardMatchingGame.m in Sources */,
				C58A1D952C5281C000961DCE /* PlayingCard.m in Sources */,
				C56F9BCF2C5181DA00048479 /* AppDelegate.m in Sources */,
				C56F9BE02C5181DB00048479 /* main.m in Sources */,
				C58A1D922C527F0C00961DCE /* Deck.m in Sources */,
				C56F9BD22C5181DA00048479 /* SceneDelegate.m in Sources */,
			);
			runOnlyForDeploymentPostprocessing = 0;
		};
		C56F9BE12C5181DB00048479 /* Sources */ = {
			isa = PBXSourcesBuildPhase;
			buildActionMask = 2147483647;
			files = (
				C56F9BEA2C5181DB00048479 /* CardGameTests.m in Sources */,
			);
			runOnlyForDeploymentPostprocessing = 0;
		};
		C56F9BEB2C5181DB00048479 /* Sources */ = {
			isa = PBXSourcesBuildPhase;
			buildActionMask = 2147483647;
			files = (
				C56F9BF62C5181DB00048479 /* CardGameUITestsLaunchTests.m in Sources */,
				C56F9BF42C5181DB00048479 /* CardGameUITests.m in Sources */,
			);
			runOnlyForDeploymentPostprocessing = 0;
		};
/* End PBXSourcesBuildPhase section */

/* Begin PBXTargetDependency section */
		C56F9BE72C5181DB00048479 /* PBXTargetDependency */ = {
			isa = PBXTargetDependency;
			target = C56F9BC92C5181DA00048479 /* CardGame */;
			targetProxy = C56F9BE62C5181DB00048479 /* PBXContainerItemProxy */;
		};
		C56F9BF12C5181DB00048479 /* PBXTargetDependency */ = {
			isa = PBXTargetDependency;
			target = C56F9BC92C5181DA00048479 /* CardGame */;
			targetProxy = C56F9BF02C5181DB00048479 /* PBXContainerItemProxy */;
		};
/* End PBXTargetDependency section */

/* Begin PBXVariantGroup section */
		C56F9BD62C5181DA00048479 /* Main.storyboard */ = {
			isa = PBXVariantGroup;
			children = (
				C56F9BD72C5181DA00048479 /* Base */,
			);
			name = Main.storyboard;
			sourceTree = "<group>";
		};
		C56F9BDB2C5181DB00048479 /* LaunchScreen.storyboard */ = {
			isa = PBXVariantGroup;
			children = (
				C56F9BDC2C5181DB00048479 /* Base */,
			);
			name = LaunchScreen.storyboard;
			sourceTree = "<group>";
		};
/* End PBXVariantGroup section */

/* Begin XCBuildConfiguration section */
		C56F9BF72C5181DB00048479 /* Debug */ = {
			isa = XCBuildConfiguration;
			buildSettings = {
				ALWAYS_SEARCH_USER_PATHS = NO;
				ASSETCATALOG_COMPILER_GENERATE_SWIFT_ASSET_SYMBOL_EXTENSIONS = YES;
				CLANG_ANALYZER_NONNULL = YES;
				CLANG_ANALYZER_NUMBER_OBJECT_CONVERSION = YES_AGGRESSIVE;
				CLANG_CXX_LANGUAGE_STANDARD = "gnu++20";
				CLANG_ENABLE_MODULES = YES;
				CLANG_ENABLE_OBJC_ARC = YES;
				CLANG_ENABLE_OBJC_WEAK = YES;
				CLANG_WARN_BLOCK_CAPTURE_AUTORELEASING = YES;
				CLANG_WARN_BOOL_CONVERSION = YES;
				CLANG_WARN_COMMA = YES;
				CLANG_WARN_CONSTANT_CONVERSION = YES;
				CLANG_WARN_DEPRECATED_OBJC_IMPLEMENTATIONS = YES;
				CLANG_WARN_DIRECT_OBJC_ISA_USAGE = YES_ERROR;
				CLANG_WARN_DOCUMENTATION_COMMENTS = YES;
				CLANG_WARN_EMPTY_BODY = YES;
				CLANG_WARN_ENUM_CONVERSION = YES;
				CLANG_WARN_INFINITE_RECURSION = YES;
				CLANG_WARN_INT_CONVERSION = YES;
				CLANG_WARN_NON_LITERAL_NULL_CONVERSION = YES;
				CLANG_WARN_OBJC_IMPLICIT_RETAIN_SELF = YES;
				CLANG_WARN_OBJC_LITERAL_CONVERSION = YES;
				CLANG_WARN_OBJC_ROOT_CLASS = YES_ERROR;
				CLANG_WARN_QUOTED_INCLUDE_IN_FRAMEWORK_HEADER = YES;
				CLANG_WARN_RANGE_LOOP_ANALYSIS = YES;
				CLANG_WARN_STRICT_PROTOTYPES = YES;
				CLANG_WARN_SUSPICIOUS_MOVE = YES;
				CLANG_WARN_UNGUARDED_AVAILABILITY = YES_AGGRESSIVE;
				CLANG_WARN_UNREACHABLE_CODE = YES;
				CLANG_WARN__DUPLICATE_METHOD_MATCH = YES;
				COPY_PHASE_STRIP = NO;
				DEBUG_INFORMATION_FORMAT = dwarf;
				ENABLE_STRICT_OBJC_MSGSEND = YES;
				ENABLE_TESTABILITY = YES;
				ENABLE_USER_SCRIPT_SANDBOXING = YES;
				GCC_C_LANGUAGE_STANDARD = gnu17;
				GCC_DYNAMIC_NO_PIC = NO;
				GCC_NO_COMMON_BLOCKS = YES;
				GCC_OPTIMIZATION_LEVEL = 0;
				GCC_PREPROCESSOR_DEFINITIONS = (
					"DEBUG=1",
					"$(inherited)",
				);
				GCC_WARN_64_TO_32_BIT_CONVERSION = YES;
				GCC_WARN_ABOUT_RETURN_TYPE = YES_ERROR;
				GCC_WARN_UNDECLARED_SELECTOR = YES;
				GCC_WARN_UNINITIALIZED_AUTOS = YES_AGGRESSIVE;
				GCC_WARN_UNUSED_FUNCTION = YES;
				GCC_WARN_UNUSED_VARIABLE = YES;
				IPHONEOS_DEPLOYMENT_TARGET = 17.5;
				LOCALIZATION_PREFERS_STRING_CATALOGS = YES;
				MTL_ENABLE_DEBUG_INFO = INCLUDE_SOURCE;
				MTL_FAST_MATH = YES;
				ONLY_ACTIVE_ARCH = YES;
				SDKROOT = iphoneos;
			};
			name = Debug;
		};
		C56F9BF82C5181DB00048479 /* Release */ = {
			isa = XCBuildConfiguration;
			buildSettings = {
				ALWAYS_SEARCH_USER_PATHS = NO;
				ASSETCATALOG_COMPILER_GENERATE_SWIFT_ASSET_SYMBOL_EXTENSIONS = YES;
				CLANG_ANALYZER_NONNULL = YES;
				CLANG_ANALYZER_NUMBER_OBJECT_CONVERSION = YES_AGGRESSIVE;
				CLANG_CXX_LANGUAGE_STANDARD = "gnu++20";
				CLANG_ENABLE_MODULES = YES;
				CLANG_ENABLE_OBJC_ARC = YES;
				CLANG_ENABLE_OBJC_WEAK = YES;
				CLANG_WARN_BLOCK_CAPTURE_AUTORELEASING = YES;
				CLANG_WARN_BOOL_CONVERSION = YES;
				CLANG_WARN_COMMA = YES;
				CLANG_WARN_CONSTANT_CONVERSION = YES;
				CLANG_WARN_DEPRECATED_OBJC_IMPLEMENTATIONS = YES;
				CLANG_WARN_DIRECT_OBJC_ISA_USAGE = YES_ERROR;
				CLANG_WARN_DOCUMENTATION_COMMENTS = YES;
				CLANG_WARN_EMPTY_BODY = YES;
				CLANG_WARN_ENUM_CONVERSION = YES;
				CLANG_WARN_INFINITE_RECURSION = YES;
				CLANG_WARN_INT_CONVERSION = YES;
				CLANG_WARN_NON_LITERAL_NULL_CONVERSION = YES;
				CLANG_WARN_OBJC_IMPLICIT_RETAIN_SELF = YES;
				CLANG_WARN_OBJC_LITERAL_CONVERSION = YES;
				CLANG_WARN_OBJC_ROOT_CLASS = YES_ERROR;
				CLANG_WARN_QUOTED_INCLUDE_IN_FRAMEWORK_HEADER = YES;
				CLANG_WARN_RANGE_LOOP_ANALYSIS = YES;
				CLANG_WARN_STRICT_PROTOTYPES = YES;
				CLANG_WARN_SUSPICIOUS_MOVE = YES;
				CLANG_WARN_UNGUARDED_AVAILABILITY = YES_AGGRESSIVE;
				CLANG_WARN_UNREACHABLE_CODE = YES;
				CLANG_WARN__DUPLICATE_METHOD_MATCH = YES;
				COPY_PHASE_STRIP = NO;
				DEBUG_INFORMATION_FORMAT = "dwarf-with-dsym";
				ENABLE_NS_ASSERTIONS = NO;
				ENABLE_STRICT_OBJC_MSGSEND = YES;
				ENABLE_USER_SCRIPT_SANDBOXING = YES;
				GCC_C_LANGUAGE_STANDARD = gnu17;
				GCC_NO_COMMON_BLOCKS = YES;
				GCC_WARN_64_TO_32_BIT_CONVERSION = YES;
				GCC_WARN_ABOUT_RETURN_TYPE = YES_ERROR;
				GCC_WARN_UNDECLARED_SELECTOR = YES;
				GCC_WARN_UNINITIALIZED_AUTOS = YES_AGGRESSIVE;
				GCC_WARN_UNUSED_FUNCTION = YES;
				GCC_WARN_UNUSED_VARIABLE = YES;
				IPHONEOS_DEPLOYMENT_TARGET = 17.5;
				LOCALIZATION_PREFERS_STRING_CATALOGS = YES;
				MTL_ENABLE_DEBUG_INFO = NO;
				MTL_FAST_MATH = YES;
				SDKROOT = iphoneos;
				VALIDATE_PRODUCT = YES;
			};
			name = Release;
		};
		C56F9BFA2C5181DB00048479 /* Debug */ = {
			isa = XCBuildConfiguration;
			buildSettings = {
				ASSETCATALOG_COMPILER_APPICON_NAME = AppIcon;
				ASSETCATALOG_COMPILER_GLOBAL_ACCENT_COLOR_NAME = AccentColor;
				CODE_SIGN_STYLE = Automatic;
				CURRENT_PROJECT_VERSION = 1;
				GENERATE_INFOPLIST_FILE = YES;
				INFOPLIST_FILE = CardGame/Info.plist;
				INFOPLIST_KEY_UIApplicationSupportsIndirectInputEvents = YES;
				INFOPLIST_KEY_UILaunchStoryboardName = LaunchScreen;
				INFOPLIST_KEY_UIMainStoryboardFile = Main;
				INFOPLIST_KEY_UISupportedInterfaceOrientations_iPad = "UIInterfaceOrientationPortrait UIInterfaceOrientationPortraitUpsideDown UIInterfaceOrientationLandscapeLeft UIInterfaceOrientationLandscapeRight";
				INFOPLIST_KEY_UISupportedInterfaceOrientations_iPhone = "UIInterfaceOrientationPortrait UIInterfaceOrientationLandscapeLeft UIInterfaceOrientationLandscapeRight";
				LD_RUNPATH_SEARCH_PATHS = (
					"$(inherited)",
					"@executable_path/Frameworks",
				);
				MARKETING_VERSION = 1.0;
				PRODUCT_BUNDLE_IDENTIFIER = com.personal.CardGame;
				PRODUCT_NAME = "$(TARGET_NAME)";
				SWIFT_EMIT_LOC_STRINGS = YES;
				TARGETED_DEVICE_FAMILY = "1,2";
			};
			name = Debug;
		};
		C56F9BFB2C5181DB00048479 /* Release */ = {
			isa = XCBuildConfiguration;
			buildSettings = {
				ASSETCATALOG_COMPILER_APPICON_NAME = AppIcon;
				ASSETCATALOG_COMPILER_GLOBAL_ACCENT_COLOR_NAME = AccentColor;
				CODE_SIGN_STYLE = Automatic;
				CURRENT_PROJECT_VERSION = 1;
				GENERATE_INFOPLIST_FILE = YES;
				INFOPLIST_FILE = CardGame/Info.plist;
				INFOPLIST_KEY_UIApplicationSupportsIndirectInputEvents = YES;
				INFOPLIST_KEY_UILaunchStoryboardName = LaunchScreen;
				INFOPLIST_KEY_UIMainStoryboardFile = Main;
				INFOPLIST_KEY_UISupportedInterfaceOrientations_iPad = "UIInterfaceOrientationPortrait UIInterfaceOrientationPortraitUpsideDown UIInterfaceOrientationLandscapeLeft UIInterfaceOrientationLandscapeRight";
				INFOPLIST_KEY_UISupportedInterfaceOrientations_iPhone = "UIInterfaceOrientationPortrait UIInterfaceOrientationLandscapeLeft UIInterfaceOrientationLandscapeRight";
				LD_RUNPATH_SEARCH_PATHS = (
					"$(inherited)",
					"@executable_path/Frameworks",
				);
				MARKETING_VERSION = 1.0;
				PRODUCT_BUNDLE_IDENTIFIER = com.personal.CardGame;
				PRODUCT_NAME = "$(TARGET_NAME)";
				SWIFT_EMIT_LOC_STRINGS = YES;
				TARGETED_DEVICE_FAMILY = "1,2";
			};
			name = Release;
		};
		C56F9BFD2C5181DB00048479 /* Debug */ = {
			isa = XCBuildConfiguration;
			buildSettings = {
				BUNDLE_LOADER = "$(TEST_HOST)";
				CODE_SIGN_STYLE = Automatic;
				CURRENT_PROJECT_VERSION = 1;
				GENERATE_INFOPLIST_FILE = YES;
				IPHONEOS_DEPLOYMENT_TARGET = 17.5;
				MARKETING_VERSION = 1.0;
				PRODUCT_BUNDLE_IDENTIFIER = com.personal.CardGameTests;
				PRODUCT_NAME = "$(TARGET_NAME)";
				SWIFT_EMIT_LOC_STRINGS = NO;
				TARGETED_DEVICE_FAMILY = "1,2";
				TEST_HOST = "$(BUILT_PRODUCTS_DIR)/CardGame.app/$(BUNDLE_EXECUTABLE_FOLDER_PATH)/CardGame";
			};
			name = Debug;
		};
		C56F9BFE2C5181DB00048479 /* Release */ = {
			isa = XCBuildConfiguration;
			buildSettings = {
				BUNDLE_LOADER = "$(TEST_HOST)";
				CODE_SIGN_STYLE = Automatic;
				CURRENT_PROJECT_VERSION = 1;
				GENERATE_INFOPLIST_FILE = YES;
				IPHONEOS_DEPLOYMENT_TARGET = 17.5;
				MARKETING_VERSION = 1.0;
				PRODUCT_BUNDLE_IDENTIFIER = com.personal.CardGameTests;
				PRODUCT_NAME = "$(TARGET_NAME)";
				SWIFT_EMIT_LOC_STRINGS = NO;
				TARGETED_DEVICE_FAMILY = "1,2";
				TEST_HOST = "$(BUILT_PRODUCTS_DIR)/CardGame.app/$(BUNDLE_EXECUTABLE_FOLDER_PATH)/CardGame";
			};
			name = Release;
		};
		C56F9C002C5181DB00048479 /* Debug */ = {
			isa = XCBuildConfiguration;
			buildSettings = {
				CODE_SIGN_STYLE = Automatic;
				CURRENT_PROJECT_VERSION = 1;
				GENERATE_INFOPLIST_FILE = YES;
				MARKETING_VERSION = 1.0;
				PRODUCT_BUNDLE_IDENTIFIER = com.personal.CardGameUITests;
				PRODUCT_NAME = "$(TARGET_NAME)";
				SWIFT_EMIT_LOC_STRINGS = NO;
				TARGETED_DEVICE_FAMILY = "1,2";
				TEST_TARGET_NAME = CardGame;
			};
			name = Debug;
		};
		C56F9C012C5181DB00048479 /* Release */ = {
			isa = XCBuildConfiguration;
			buildSettings = {
				CODE_SIGN_STYLE = Automatic;
				CURRENT_PROJECT_VERSION = 1;
				GENERATE_INFOPLIST_FILE = YES;
				MARKETING_VERSION = 1.0;
				PRODUCT_BUNDLE_IDENTIFIER = com.personal.CardGameUITests;
				PRODUCT_NAME = "$(TARGET_NAME)";
				SWIFT_EMIT_LOC_STRINGS = NO;
				TARGETED_DEVICE_FAMILY = "1,2";
				TEST_TARGET_NAME = CardGame;
			};
			name = Release;
		};
/* End XCBuildConfiguration section */

/* Begin XCConfigurationList section */
		C56F9BC52C5181DA00048479 /* Build configuration list for PBXProject "CardGame" */ = {
			isa = XCConfigurationList;
			buildConfigurations = (
				C56F9BF72C5181DB00048479 /* Debug */,
				C56F9BF82C5181DB00048479 /* Release */,
			);
			defaultConfigurationIsVisible = 0;
			defaultConfigurationName = Release;
		};
		C56F9BF92C5181DB00048479 /* Build configuration list for PBXNativeTarget "CardGame" */ = {
			isa = XCConfigurationList;
			buildConfigurations = (
				C56F9BFA2C5181DB00048479 /* Debug */,
				C56F9BFB2C5181DB00048479 /* Release */,
			);
			defaultConfigurationIsVisible = 0;
			defaultConfigurationName = Release;
		};
		C56F9BFC2C5181DB00048479 /* Build configuration list for PBXNativeTarget "CardGameTests" */ = {
			isa = XCConfigurationList;
			buildConfigurations = (
				C56F9BFD2C5181DB00048479 /* Debug */,
				C56F9BFE2C5181DB00048479 /* Release */,
			);
			defaultConfigurationIsVisible = 0;
			defaultConfigurationName = Release;
		};
		C56F9BFF2C5181DB00048479 /* Build configuration list for PBXNativeTarget "CardGameUITests" */ = {
			isa = XCConfigurationList;
			buildConfigurations = (
				C56F9C002C5181DB00048479 /* Debug */,
				C56F9C012C5181DB00048479 /* Release */,
			);
			defaultConfigurationIsVisible = 0;
			defaultConfigurationName = Release;
		};
/* End XCConfigurationList section */
	};
	rootObject = C56F9BC22C5181DA00048479 /* Project object */;
}
